
Microsoft Visual Studio Solution File, Format Version 12.00
Project("{FAE04EC0-301F-11D3-BF4B-00C04F79EFBC}") = "SharpImGui", "SharpImGui\SharpImGui.csproj", "{748FE568-249D-4C19-BDE2-51044E9F93FE}"
EndProject
Project("{FAE04EC0-301F-11D3-BF4B-00C04F79EFBC}") = "SharpImGui.Tests", "SharpImGui.Tests\SharpImGui.Tests.csproj", "{A5B6C4A1-A3BB-4E32-BFCA-1D5C297C01D1}"
EndProject
Project("{FAE04EC0-301F-11D3-BF4B-00C04F79EFBC}") = "SharpImGui-Dev", "SharpImGui-Dev\SharpImGui-Dev.csproj", "{4D4A502E-F505-4412-A06C-CEF23A321BE6}"
EndProject
Global
	GlobalSection(SolutionConfigurationPlatforms) = preSolution
		Debug|Any CPU = Debug|Any CPU
		Release|Any CPU = Release|Any CPU
	EndGlobalSection
	GlobalSection(ProjectConfigurationPlatforms) = postSolution
		{748FE568-249D-4C19-BDE2-51044E9F93FE}.Debug|Any CPU.ActiveCfg = Debug|Any CPU
		{748FE568-249D-4C19-BDE2-51044E9F93FE}.Debug|Any CPU.Build.0 = Debug|Any CPU
		{748FE568-249D-4C19-BDE2-51044E9F93FE}.Release|Any CPU.ActiveCfg = Release|Any CPU
		{748FE568-249D-4C19-BDE2-51044E9F93FE}.Release|Any CPU.Build.0 = Release|Any CPU
		{A5B6C4A1-A3BB-4E32-BFCA-1D5C297C01D1}.Debug|Any CPU.ActiveCfg = Debug|Any CPU
		{A5B6C4A1-A3BB-4E32-BFCA-1D5C297C01D1}.Debug|Any CPU.Build.0 = Debug|Any CPU
		{A5B6C4A1-A3BB-4E32-BFCA-1D5C297C01D1}.Release|Any CPU.ActiveCfg = Release|Any CPU
		{A5B6C4A1-A3BB-4E32-BFCA-1D5C297C01D1}.Release|Any CPU.Build.0 = Release|Any CPU
		{DB2E513C-3523-4F88-B151-D7F27DC91516}.Debug|Any CPU.ActiveCfg = Debug|Any CPU
		{DB2E513C-3523-4F88-B151-D7F27DC91516}.Debug|Any CPU.Build.0 = Debug|Any CPU
		{DB2E513C-3523-4F88-B151-D7F27DC91516}.Release|Any CPU.ActiveCfg = Release|Any CPU
		{DB2E513C-3523-4F88-B151-D7F27DC91516}.Release|Any CPU.Build.0 = Release|Any CPU
		{4D4A502E-F505-4412-A06C-CEF23A321BE6}.Debug|Any CPU.ActiveCfg = Debug|Any CPU
		{4D4A502E-F505-4412-A06C-CEF23A321BE6}.Debug|Any CPU.Build.0 = Debug|Any CPU
		{4D4A502E-F505-4412-A06C-CEF23A321BE6}.Release|Any CPU.ActiveCfg = Release|Any CPU
		{4D4A502E-F505-4412-A06C-CEF23A321BE6}.Release|Any CPU.Build.0 = Release|Any CPU
	EndGlobalSection
EndGlobal
